{
  "version": 4,
  "terraform_version": "1.3.9",
  "serial": 16,
  "lineage": "e0543fa3-594d-e341-e36e-63f554d52bf1",
  "outputs": {
    "vm_public_ip": {
      "value": "40.87.149.64",
      "type": "string"
    }
  },
  "resources": [
    {
      "mode": "data",
      "type": "azurerm_public_ip",
      "name": "public_ip",
      "provider": "provider[\"registry.terraform.io/hashicorp/azurerm\"]",
      "instances": [
        {
          "schema_version": 0,
          "attributes": {
            "allocation_method": "Static",
            "ddos_protection_mode": "VirtualNetworkInherited",
            "ddos_protection_plan_id": null,
            "domain_name_label": "",
            "fqdn": "",
            "id": "/subscriptions/49fa5565-76d0-4070-af99-cd92822edbdc/resourceGroups/Harsh-RG/providers/Microsoft.Network/publicIPAddresses/vm_public_ip",
            "idle_timeout_in_minutes": 4,
            "ip_address": "40.87.149.64",
            "ip_tags": {},
            "ip_version": "IPv4",
            "location": "northeurope",
            "name": "vm_public_ip",
            "resource_group_name": "Harsh-RG",
            "reverse_fqdn": "",
            "sku": "Basic",
            "tags": {},
            "timeouts": null,
            "zones": []
          },
          "sensitive_attributes": []
        }
      ]
    },
    {
      "mode": "managed",
      "type": "azurerm_linux_virtual_machine",
      "name": "Harsh-RG",
      "provider": "provider[\"registry.terraform.io/hashicorp/azurerm\"]",
      "instances": [
        {
          "status": "tainted",
          "schema_version": 0,
          "attributes": {
            "additional_capabilities": [],
            "admin_password": null,
            "admin_ssh_key": [
              {
                "public_key": "ssh-rsa AAAAB3NzaC1yc2EAAAADAQABAAABgQCmaE93ZOWMjs594w4gsaJkaOEsjlbauL3MzOy6FP8pBpxvAAOPXoCunRsJVJ3eMNrzEtHj1LcP84OtRY7quGiUGWj7WAQjZnayLvtbNdFH0gik77yef2l1tu/WFmnfYKcVlKROhjiJ7GZeOu0A8pr/6IDVWxm2+U00qc1Zmw8iVfcMhCexPp02x97+ovBRQpajiwKh0JDZdEwM5mv89xSqVZM8DVmTwmxsZzyuZo8cdlBwzTi1bLKBOOsPI8a61irhMQBHfS58CTzQWRHqIYi69KUQG5vzmPMRQAGA2Q7yKWsXwJ3/3PVKIFRAzsOI7LgRvmcEu188Wiu6TSrB4ZXr6uhdas2NStWZnk+5zAj/26ORkn5eOc8++gnCQTZarB8oY+V2HMt75HfzSfs17Ltyz3UPzl/W83SANd/7Ed/jUXTwnXwcRGC8tdzVdIs006FRdzh3UuxuVKhZrFJqorUygtusSV1zrxJhJHEhBqTNxpRfaT9xYt0a/2Dk+uy6Em0= harsh@Harsh\r\n",
                "username": "adminuser"
              }
            ],
            "admin_username": "adminuser",
            "allow_extension_operations": true,
            "availability_set_id": "",
            "boot_diagnostics": [],
            "bypass_platform_safety_checks_on_user_schedule_enabled": false,
            "capacity_reservation_group_id": "",
            "computer_name": "Harsh-Terraform-VM",
            "custom_data": null,
            "dedicated_host_group_id": "",
            "dedicated_host_id": "",
            "disable_password_authentication": true,
            "edge_zone": "",
            "encryption_at_host_enabled": false,
            "eviction_policy": "",
            "extensions_time_budget": "PT1H30M",
            "gallery_application": [],
            "id": "/subscriptions/49fa5565-76d0-4070-af99-cd92822edbdc/resourceGroups/Harsh-RG/providers/Microsoft.Compute/virtualMachines/Harsh-Terraform-VM",
            "identity": [],
            "license_type": "",
            "location": "northeurope",
            "max_bid_price": -1,
            "name": "Harsh-Terraform-VM",
            "network_interface_ids": [
              "/subscriptions/49fa5565-76d0-4070-af99-cd92822edbdc/resourceGroups/Harsh-RG/providers/Microsoft.Network/networkInterfaces/nic"
            ],
            "os_disk": [
              {
                "caching": "ReadWrite",
                "diff_disk_settings": [],
                "disk_encryption_set_id": "",
                "disk_size_gb": 30,
                "name": "Harsh-Terraform-VM_OsDisk_1_a52aebb133054d24a08fcc102eca444c",
                "secure_vm_disk_encryption_set_id": "",
                "security_encryption_type": "",
                "storage_account_type": "Standard_LRS",
                "write_accelerator_enabled": false
              }
            ],
            "patch_assessment_mode": "ImageDefault",
            "patch_mode": "ImageDefault",
            "plan": [],
            "platform_fault_domain": -1,
            "priority": "Regular",
            "private_ip_address": "10.100.16.4",
            "private_ip_addresses": [
              "10.100.16.4"
            ],
            "provision_vm_agent": true,
            "proximity_placement_group_id": "",
            "public_ip_address": "40.87.149.64",
            "public_ip_addresses": [
              "40.87.149.64"
            ],
            "reboot_setting": "",
            "resource_group_name": "Harsh-RG",
            "secret": [],
            "secure_boot_enabled": false,
            "size": "Standard_B1s",
            "source_image_id": "",
            "source_image_reference": [
              {
                "offer": "0001-com-ubuntu-server-jammy",
                "publisher": "Canonical",
                "sku": "22_04-lts",
                "version": "latest"
              }
            ],
            "tags": null,
            "termination_notification": null,
            "timeouts": null,
            "user_data": "",
            "virtual_machine_id": "334aea9f-0829-4391-8a92-b074c116db5a",
            "virtual_machine_scale_set_id": "",
            "vtpm_enabled": false,
            "zone": ""
          },
          "sensitive_attributes": [],
          "private": "eyJlMmJmYjczMC1lY2FhLTExZTYtOGY4OC0zNDM2M2JjN2M0YzAiOnsiY3JlYXRlIjoyNzAwMDAwMDAwMDAwLCJkZWxldGUiOjI3MDAwMDAwMDAwMDAsInJlYWQiOjMwMDAwMDAwMDAwMCwidXBkYXRlIjoyNzAwMDAwMDAwMDAwfX0=",
          "dependencies": [
            "azurerm_network_interface.Harsh-RG",
            "azurerm_public_ip.Harsh-RG",
            "azurerm_resource_group.Harsh-RG"
          ]
        }
      ]
    },
    {
      "mode": "managed",
      "type": "azurerm_network_interface",
      "name": "Harsh-RG",
      "provider": "provider[\"registry.terraform.io/hashicorp/azurerm\"]",
      "instances": [
        {
          "schema_version": 0,
          "attributes": {
            "applied_dns_servers": [],
            "auxiliary_mode": "",
            "auxiliary_sku": "",
            "dns_servers": [],
            "edge_zone": "",
            "enable_accelerated_networking": false,
            "enable_ip_forwarding": false,
            "id": "/subscriptions/49fa5565-76d0-4070-af99-cd92822edbdc/resourceGroups/Harsh-RG/providers/Microsoft.Network/networkInterfaces/nic",
            "internal_dns_name_label": "",
            "internal_domain_name_suffix": "oqwp5tto0sfetahwwudcyg5yed.fx.internal.cloudapp.net",
            "ip_configuration": [
              {
                "gateway_load_balancer_frontend_ip_configuration_id": "",
                "name": "internal",
                "primary": true,
                "private_ip_address": "10.100.16.4",
                "private_ip_address_allocation": "Dynamic",
                "private_ip_address_version": "IPv4",
                "public_ip_address_id": "/subscriptions/49fa5565-76d0-4070-af99-cd92822edbdc/resourceGroups/Harsh-RG/providers/Microsoft.Network/publicIPAddresses/vm_public_ip",
                "subnet_id": "/subscriptions/49fa5565-76d0-4070-af99-cd92822edbdc/resourceGroups/Harsh-RG/providers/Microsoft.Network/virtualNetworks/vnet/subnets/subnet01"
              }
            ],
            "location": "northeurope",
            "mac_address": "00-0D-3A-64-C1-31",
            "name": "nic",
            "private_ip_address": "10.100.16.4",
            "private_ip_addresses": [
              "10.100.16.4"
            ],
            "resource_group_name": "Harsh-RG",
            "tags": {},
            "timeouts": null,
            "virtual_machine_id": "/subscriptions/49fa5565-76d0-4070-af99-cd92822edbdc/resourceGroups/Harsh-RG/providers/Microsoft.Compute/virtualMachines/Harsh-Terraform-VM"
          },
          "sensitive_attributes": [],
          "private": "eyJlMmJmYjczMC1lY2FhLTExZTYtOGY4OC0zNDM2M2JjN2M0YzAiOnsiY3JlYXRlIjoxODAwMDAwMDAwMDAwLCJkZWxldGUiOjE4MDAwMDAwMDAwMDAsInJlYWQiOjMwMDAwMDAwMDAwMCwidXBkYXRlIjoxODAwMDAwMDAwMDAwfX0=",
          "dependencies": [
            "azurerm_public_ip.Harsh-RG",
            "azurerm_resource_group.Harsh-RG",
            "azurerm_subnet.Harsh-RG",
            "azurerm_virtual_network.Harsh-RG"
          ]
        }
      ]
    },
    {
      "mode": "managed",
      "type": "azurerm_network_interface_security_group_association",
      "name": "Harsh-RG",
      "provider": "provider[\"registry.terraform.io/hashicorp/azurerm\"]",
      "instances": [
        {
          "schema_version": 0,
          "attributes": {
            "id": "/subscriptions/49fa5565-76d0-4070-af99-cd92822edbdc/resourceGroups/Harsh-RG/providers/Microsoft.Network/networkInterfaces/nic|/subscriptions/49fa5565-76d0-4070-af99-cd92822edbdc/resourceGroups/Harsh-RG/providers/Microsoft.Network/networkSecurityGroups/sec_gro",
            "network_interface_id": "/subscriptions/49fa5565-76d0-4070-af99-cd92822edbdc/resourceGroups/Harsh-RG/providers/Microsoft.Network/networkInterfaces/nic",
            "network_security_group_id": "/subscriptions/49fa5565-76d0-4070-af99-cd92822edbdc/resourceGroups/Harsh-RG/providers/Microsoft.Network/networkSecurityGroups/sec_gro",
            "timeouts": null
          },
          "sensitive_attributes": [],
          "private": "eyJlMmJmYjczMC1lY2FhLTExZTYtOGY4OC0zNDM2M2JjN2M0YzAiOnsiY3JlYXRlIjoxODAwMDAwMDAwMDAwLCJkZWxldGUiOjE4MDAwMDAwMDAwMDAsInJlYWQiOjMwMDAwMDAwMDAwMCwidXBkYXRlIjoxODAwMDAwMDAwMDAwfX0=",
          "dependencies": [
            "azurerm_network_interface.Harsh-RG",
            "azurerm_network_security_group.Harsh-RG",
            "azurerm_public_ip.Harsh-RG",
            "azurerm_resource_group.Harsh-RG",
            "azurerm_subnet.Harsh-RG",
            "azurerm_virtual_network.Harsh-RG"
          ]
        }
      ]
    },
    {
      "mode": "managed",
      "type": "azurerm_network_security_group",
      "name": "Harsh-RG",
      "provider": "provider[\"registry.terraform.io/hashicorp/azurerm\"]",
      "instances": [
        {
          "schema_version": 0,
          "attributes": {
            "id": "/subscriptions/49fa5565-76d0-4070-af99-cd92822edbdc/resourceGroups/Harsh-RG/providers/Microsoft.Network/networkSecurityGroups/sec_gro",
            "location": "northeurope",
            "name": "sec_gro",
            "resource_group_name": "Harsh-RG",
            "security_rule": [
              {
                "access": "Allow",
                "description": "",
                "destination_address_prefix": "*",
                "destination_address_prefixes": [],
                "destination_application_security_group_ids": [],
                "destination_port_range": "*",
                "destination_port_ranges": [],
                "direction": "Inbound",
                "name": "ssh",
                "priority": 100,
                "protocol": "Tcp",
                "source_address_prefix": "*",
                "source_address_prefixes": [],
                "source_application_security_group_ids": [],
                "source_port_range": "*",
                "source_port_ranges": []
              }
            ],
            "tags": {
              "environment": "Production"
            },
            "timeouts": null
          },
          "sensitive_attributes": [],
          "private": "eyJlMmJmYjczMC1lY2FhLTExZTYtOGY4OC0zNDM2M2JjN2M0YzAiOnsiY3JlYXRlIjoxODAwMDAwMDAwMDAwLCJkZWxldGUiOjE4MDAwMDAwMDAwMDAsInJlYWQiOjMwMDAwMDAwMDAwMCwidXBkYXRlIjoxODAwMDAwMDAwMDAwfX0=",
          "dependencies": [
            "azurerm_resource_group.Harsh-RG"
          ]
        }
      ]
    },
    {
      "mode": "managed",
      "type": "azurerm_public_ip",
      "name": "Harsh-RG",
      "provider": "provider[\"registry.terraform.io/hashicorp/azurerm\"]",
      "instances": [
        {
          "schema_version": 0,
          "attributes": {
            "allocation_method": "Static",
            "ddos_protection_mode": "VirtualNetworkInherited",
            "ddos_protection_plan_id": null,
            "domain_name_label": null,
            "edge_zone": "",
            "fqdn": null,
            "id": "/subscriptions/49fa5565-76d0-4070-af99-cd92822edbdc/resourceGroups/Harsh-RG/providers/Microsoft.Network/publicIPAddresses/vm_public_ip",
            "idle_timeout_in_minutes": 4,
            "ip_address": "40.87.149.64",
            "ip_tags": {},
            "ip_version": "IPv4",
            "location": "northeurope",
            "name": "vm_public_ip",
            "public_ip_prefix_id": null,
            "resource_group_name": "Harsh-RG",
            "reverse_fqdn": null,
            "sku": "Basic",
            "sku_tier": "Regional",
            "tags": {},
            "timeouts": null,
            "zones": []
          },
          "sensitive_attributes": [],
          "private": "eyJlMmJmYjczMC1lY2FhLTExZTYtOGY4OC0zNDM2M2JjN2M0YzAiOnsiY3JlYXRlIjoxODAwMDAwMDAwMDAwLCJkZWxldGUiOjE4MDAwMDAwMDAwMDAsInJlYWQiOjMwMDAwMDAwMDAwMCwidXBkYXRlIjoxODAwMDAwMDAwMDAwfX0=",
          "dependencies": [
            "azurerm_resource_group.Harsh-RG"
          ]
        }
      ]
    },
    {
      "mode": "managed",
      "type": "azurerm_resource_group",
      "name": "Harsh-RG",
      "provider": "provider[\"registry.terraform.io/hashicorp/azurerm\"]",
      "instances": [
        {
          "schema_version": 0,
          "attributes": {
            "id": "/subscriptions/49fa5565-76d0-4070-af99-cd92822edbdc/resourceGroups/Harsh-RG",
            "location": "northeurope",
            "managed_by": "",
            "name": "Harsh-RG",
            "tags": {},
            "timeouts": null
          },
          "sensitive_attributes": [],
          "private": "eyJlMmJmYjczMC1lY2FhLTExZTYtOGY4OC0zNDM2M2JjN2M0YzAiOnsiY3JlYXRlIjo1NDAwMDAwMDAwMDAwLCJkZWxldGUiOjU0MDAwMDAwMDAwMDAsInJlYWQiOjMwMDAwMDAwMDAwMCwidXBkYXRlIjo1NDAwMDAwMDAwMDAwfX0="
        }
      ]
    },
    {
      "mode": "managed",
      "type": "azurerm_subnet",
      "name": "Harsh-RG",
      "provider": "provider[\"registry.terraform.io/hashicorp/azurerm\"]",
      "instances": [
        {
          "schema_version": 0,
          "attributes": {
            "address_prefixes": [
              "10.100.16.0/20"
            ],
            "delegation": [],
            "enforce_private_link_endpoint_network_policies": false,
            "enforce_private_link_service_network_policies": false,
            "id": "/subscriptions/49fa5565-76d0-4070-af99-cd92822edbdc/resourceGroups/Harsh-RG/providers/Microsoft.Network/virtualNetworks/vnet/subnets/subnet01",
            "name": "subnet01",
            "private_endpoint_network_policies_enabled": true,
            "private_link_service_network_policies_enabled": true,
            "resource_group_name": "Harsh-RG",
            "service_endpoint_policy_ids": [],
            "service_endpoints": [],
            "timeouts": null,
            "virtual_network_name": "vnet"
          },
          "sensitive_attributes": [],
          "private": "eyJlMmJmYjczMC1lY2FhLTExZTYtOGY4OC0zNDM2M2JjN2M0YzAiOnsiY3JlYXRlIjoxODAwMDAwMDAwMDAwLCJkZWxldGUiOjE4MDAwMDAwMDAwMDAsInJlYWQiOjMwMDAwMDAwMDAwMCwidXBkYXRlIjoxODAwMDAwMDAwMDAwfX0=",
          "dependencies": [
            "azurerm_resource_group.Harsh-RG",
            "azurerm_virtual_network.Harsh-RG"
          ]
        }
      ]
    },
    {
      "mode": "managed",
      "type": "azurerm_virtual_network",
      "name": "Harsh-RG",
      "provider": "provider[\"registry.terraform.io/hashicorp/azurerm\"]",
      "instances": [
        {
          "schema_version": 0,
          "attributes": {
            "address_space": [
              "10.100.0.0/16"
            ],
            "bgp_community": "",
            "ddos_protection_plan": [],
            "dns_servers": [],
            "edge_zone": "",
            "encryption": [],
            "flow_timeout_in_minutes": 0,
            "guid": "ceff2c74-d46e-498a-80f6-b5062c1bf823",
            "id": "/subscriptions/49fa5565-76d0-4070-af99-cd92822edbdc/resourceGroups/Harsh-RG/providers/Microsoft.Network/virtualNetworks/vnet",
            "location": "northeurope",
            "name": "vnet",
            "resource_group_name": "Harsh-RG",
            "subnet": [
              {
                "address_prefix": "10.100.16.0/20",
                "id": "/subscriptions/49fa5565-76d0-4070-af99-cd92822edbdc/resourceGroups/Harsh-RG/providers/Microsoft.Network/virtualNetworks/vnet/subnets/subnet01",
                "name": "subnet01",
                "security_group": ""
              }
            ],
            "tags": {},
            "timeouts": null
          },
          "sensitive_attributes": [],
          "private": "eyJlMmJmYjczMC1lY2FhLTExZTYtOGY4OC0zNDM2M2JjN2M0YzAiOnsiY3JlYXRlIjoxODAwMDAwMDAwMDAwLCJkZWxldGUiOjE4MDAwMDAwMDAwMDAsInJlYWQiOjMwMDAwMDAwMDAwMCwidXBkYXRlIjoxODAwMDAwMDAwMDAwfX0=",
          "dependencies": [
            "azurerm_resource_group.Harsh-RG"
          ]
        }
      ]
    }
  ],
  "check_results": null
}
